
Microsoft Visual Studio Solution File, Format Version 12.00
# Visual Studio 15
VisualStudioVersion = 15.0.26730.12
MinimumVisualStudioVersion = 10.0.40219.1
Project("{FAE04EC0-301F-11D3-BF4B-00C04F79EFBC}") = "HelloWorld.Android", "HelloWorld\HelloWorld.Android\HelloWorld.Android.csproj", "{23FC3205-B997-4E81-85F7-33821E726107}"
EndProject
Project("{FAE04EC0-301F-11D3-BF4B-00C04F79EFBC}") = "HelloWorld", "HelloWorld\HelloWorld\HelloWorld.csproj", "{CA7AB1BC-2D2D-4743-AA04-0A372456AFDB}"
EndProject
Project("{FAE04EC0-301F-11D3-BF4B-00C04F79EFBC}") = "HelloWorld.iOS", "HelloWorld\HelloWorld.iOS\HelloWorld.iOS.csproj", "{A6078220-3B2E-42C1-AAA9-FEE4206B893E}"
EndProject
Global
	GlobalSection(SolutionConfigurationPlatforms) = preSolution
		Ad-Hoc|Any CPU = Ad-Hoc|Any CPU
		Ad-Hoc|iPhone = Ad-Hoc|iPhone
		Ad-Hoc|iPhoneSimulator = Ad-Hoc|iPhoneSimulator
		AppStore|Any CPU = AppStore|Any CPU
		AppStore|iPhone = AppStore|iPhone
		AppStore|iPhoneSimulator = AppStore|iPhoneSimulator
		Debug|Any CPU = Debug|Any CPU
		Debug|iPhone = Debug|iPhone
		Debug|iPhoneSimulator = Debug|iPhoneSimulator
		Release|Any CPU = Release|Any CPU
		Release|iPhone = Release|iPhone
		Release|iPhoneSimulator = Release|iPhoneSimulator
	EndGlobalSection
	GlobalSection(ProjectConfigurationPlatforms) = postSolution
		{23FC3205-B997-4E81-85F7-33821E726107}.Ad-Hoc|Any CPU.ActiveCfg = Release|Any CPU
		{23FC3205-B997-4E81-85F7-33821E726107}.Ad-Hoc|Any CPU.Build.0 = Release|Any CPU
		{23FC3205-B997-4E81-85F7-33821E726107}.Ad-Hoc|Any CPU.Deploy.0 = Release|Any CPU
		{23FC3205-B997-4E81-85F7-33821E726107}.Ad-Hoc|iPhone.ActiveCfg = Release|Any CPU
		{23FC3205-B997-4E81-85F7-33821E726107}.Ad-Hoc|iPhone.Build.0 = Release|Any CPU
		{23FC3205-B997-4E81-85F7-33821E726107}.Ad-Hoc|iPhone.Deploy.0 = Release|Any CPU
		{23FC3205-B997-4E81-85F7-33821E726107}.Ad-Hoc|iPhoneSimulator.ActiveCfg = Release|Any CPU
		{23FC3205-B997-4E81-85F7-33821E726107}.Ad-Hoc|iPhoneSimulator.Build.0 = Release|Any CPU
		{23FC3205-B997-4E81-85F7-33821E726107}.Ad-Hoc|iPhoneSimulator.Deploy.0 = Release|Any CPU
		{23FC3205-B997-4E81-85F7-33821E726107}.AppStore|Any CPU.ActiveCfg = Release|Any CPU
		{23FC3205-B997-4E81-85F7-33821E726107}.AppStore|Any CPU.Build.0 = Release|Any CPU
		{23FC3205-B997-4E81-85F7-33821E726107}.AppStore|Any CPU.Deploy.0 = Release|Any CPU
		{23FC3205-B997-4E81-85F7-33821E726107}.AppStore|iPhone.ActiveCfg = Release|Any CPU
		{23FC3205-B997-4E81-85F7-33821E726107}.AppStore|iPhone.Build.0 = Release|Any CPU
		{23FC3205-B997-4E81-85F7-33821E726107}.AppStore|iPhone.Deploy.0 = Release|Any CPU
		{23FC3205-B997-4E81-85F7-33821E726107}.AppStore|iPhoneSimulator.ActiveCfg = Release|Any CPU
		{23FC3205-B997-4E81-85F7-33821E726107}.AppStore|iPhoneSimulator.Build.0 = Release|Any CPU
		{23FC3205-B997-4E81-85F7-33821E726107}.AppStore|iPhoneSimulator.Deploy.0 = Release|Any CPU
		{23FC3205-B997-4E81-85F7-33821E726107}.Debug|Any CPU.ActiveCfg = Debug|Any CPU
		{23FC3205-B997-4E81-85F7-33821E726107}.Debug|Any CPU.Build.0 = Debug|Any CPU
		{23FC3205-B997-4E81-85F7-33821E726107}.Debug|Any CPU.Deploy.0 = Debug|Any CPU
		{23FC3205-B997-4E81-85F7-33821E726107}.Debug|iPhone.ActiveCfg = Debug|Any CPU
		{23FC3205-B997-4E81-85F7-33821E726107}.Debug|iPhone.Build.0 = Debug|Any CPU
		{23FC3205-B997-4E81-85F7-33821E726107}.Debug|iPhone.Deploy.0 = Debug|Any CPU
		{23FC3205-B997-4E81-85F7-33821E726107}.Debug|iPhoneSimulator.ActiveCfg = Debug|Any CPU
		{23FC3205-B997-4E81-85F7-33821E726107}.Debug|iPhoneSimulator.Build.0 = Debug|Any CPU
		{23FC3205-B997-4E81-85F7-33821E726107}.Debug|iPhoneSimulator.Deploy.0 = Debug|Any CPU
		{23FC3205-B997-4E81-85F7-33821E726107}.Release|Any CPU.ActiveCfg = Release|Any CPU
		{23FC3205-B997-4E81-85F7-33821E726107}.Release|Any CPU.Build.0 = Release|Any CPU
		{23FC3205-B997-4E81-85F7-33821E726107}.Release|Any CPU.Deploy.0 = Release|Any CPU
		{23FC3205-B997-4E81-85F7-33821E726107}.Release|iPhone.ActiveCfg = Release|Any CPU
		{23FC3205-B997-4E81-85F7-33821E726107}.Release|iPhone.Build.0 = Release|Any CPU
		{23FC3205-B997-4E81-85F7-33821E726107}.Release|iPhone.Deploy.0 = Release|Any CPU
		{23FC3205-B997-4E81-85F7-33821E726107}.Release|iPhoneSimulator.ActiveCfg = Release|Any CPU
		{23FC3205-B997-4E81-85F7-33821E726107}.Release|iPhoneSimulator.Build.0 = Release|Any CPU
		{23FC3205-B997-4E81-85F7-33821E726107}.Release|iPhoneSimulator.Deploy.0 = Release|Any CPU
		{CA7AB1BC-2D2D-4743-AA04-0A372456AFDB}.Ad-Hoc|Any CPU.ActiveCfg = Release|Any CPU
		{CA7AB1BC-2D2D-4743-AA04-0A372456AFDB}.Ad-Hoc|Any CPU.Build.0 = Release|Any CPU
		{CA7AB1BC-2D2D-4743-AA04-0A372456AFDB}.Ad-Hoc|iPhone.ActiveCfg = Release|Any CPU
		{CA7AB1BC-2D2D-4743-AA04-0A372456AFDB}.Ad-Hoc|iPhone.Build.0 = Release|Any CPU
		{CA7AB1BC-2D2D-4743-AA04-0A372456AFDB}.Ad-Hoc|iPhoneSimulator.ActiveCfg = Release|Any CPU
		{CA7AB1BC-2D2D-4743-AA04-0A372456AFDB}.Ad-Hoc|iPhoneSimulator.Build.0 = Release|Any CPU
		{CA7AB1BC-2D2D-4743-AA04-0A372456AFDB}.AppStore|Any CPU.ActiveCfg = Release|Any CPU
		{CA7AB1BC-2D2D-4743-AA04-0A372456AFDB}.AppStore|Any CPU.Build.0 = Release|Any CPU
		{CA7AB1BC-2D2D-4743-AA04-0A372456AFDB}.AppStore|iPhone.ActiveCfg = Release|Any CPU
		{CA7AB1BC-2D2D-4743-AA04-0A372456AFDB}.AppStore|iPhone.Build.0 = Release|Any CPU
		{CA7AB1BC-2D2D-4743-AA04-0A372456AFDB}.AppStore|iPhoneSimulator.ActiveCfg = Release|Any CPU
		{CA7AB1BC-2D2D-4743-AA04-0A372456AFDB}.AppStore|iPhoneSimulator.Build.0 = Release|Any CPU
		{CA7AB1BC-2D2D-4743-AA04-0A372456AFDB}.Debug|Any CPU.ActiveCfg = Debug|Any CPU
		{CA7AB1BC-2D2D-4743-AA04-0A372456AFDB}.Debug|Any CPU.Build.0 = Debug|Any CPU
		{CA7AB1BC-2D2D-4743-AA04-0A372456AFDB}.Debug|iPhone.ActiveCfg = Debug|Any CPU
		{CA7AB1BC-2D2D-4743-AA04-0A372456AFDB}.Debug|iPhone.Build.0 = Debug|Any CPU
		{CA7AB1BC-2D2D-4743-AA04-0A372456AFDB}.Debug|iPhoneSimulator.ActiveCfg = Debug|Any CPU
		{CA7AB1BC-2D2D-4743-AA04-0A372456AFDB}.Debug|iPhoneSimulator.Build.0 = Debug|Any CPU
		{CA7AB1BC-2D2D-4743-AA04-0A372456AFDB}.Release|Any CPU.ActiveCfg = Release|Any CPU
		{CA7AB1BC-2D2D-4743-AA04-0A372456AFDB}.Release|Any CPU.Build.0 = Release|Any CPU
		{CA7AB1BC-2D2D-4743-AA04-0A372456AFDB}.Release|iPhone.ActiveCfg = Release|Any CPU
		{CA7AB1BC-2D2D-4743-AA04-0A372456AFDB}.Release|iPhone.Build.0 = Release|Any CPU
		{CA7AB1BC-2D2D-4743-AA04-0A372456AFDB}.Release|iPhoneSimulator.ActiveCfg = Release|Any CPU
		{CA7AB1BC-2D2D-4743-AA04-0A372456AFDB}.Release|iPhoneSimulator.Build.0 = Release|Any CPU
		{A6078220-3B2E-42C1-AAA9-FEE4206B893E}.Ad-Hoc|Any CPU.ActiveCfg = Ad-Hoc|iPhone
		{A6078220-3B2E-42C1-AAA9-FEE4206B893E}.Ad-Hoc|iPhone.ActiveCfg = Ad-Hoc|iPhone
		{A6078220-3B2E-42C1-AAA9-FEE4206B893E}.Ad-Hoc|iPhone.Build.0 = Ad-Hoc|iPhone
		{A6078220-3B2E-42C1-AAA9-FEE4206B893E}.Ad-Hoc|iPhoneSimulator.ActiveCfg = Ad-Hoc|iPhoneSimulator
		{A6078220-3B2E-42C1-AAA9-FEE4206B893E}.Ad-Hoc|iPhoneSimulator.Build.0 = Ad-Hoc|iPhoneSimulator
		{A6078220-3B2E-42C1-AAA9-FEE4206B893E}.AppStore|Any CPU.ActiveCfg = AppStore|iPhone
		{A6078220-3B2E-42C1-AAA9-FEE4206B893E}.AppStore|iPhone.ActiveCfg = AppStore|iPhone
		{A6078220-3B2E-42C1-AAA9-FEE4206B893E}.AppStore|iPhone.Build.0 = AppStore|iPhone
		{A6078220-3B2E-42C1-AAA9-FEE4206B893E}.AppStore|iPhoneSimulator.ActiveCfg = AppStore|iPhoneSimulator
		{A6078220-3B2E-42C1-AAA9-FEE4206B893E}.AppStore|iPhoneSimulator.Build.0 = AppStore|iPhoneSimulator
		{A6078220-3B2E-42C1-AAA9-FEE4206B893E}.Debug|Any CPU.ActiveCfg = Debug|iPhone
		{A6078220-3B2E-42C1-AAA9-FEE4206B893E}.Debug|iPhone.ActiveCfg = Debug|iPhone
		{A6078220-3B2E-42C1-AAA9-FEE4206B893E}.Debug|iPhone.Build.0 = Debug|iPhone
		{A6078220-3B2E-42C1-AAA9-FEE4206B893E}.Debug|iPhoneSimulator.ActiveCfg = Debug|iPhoneSimulator
		{A6078220-3B2E-42C1-AAA9-FEE4206B893E}.Debug|iPhoneSimulator.Build.0 = Debug|iPhoneSimulator
		{A6078220-3B2E-42C1-AAA9-FEE4206B893E}.Release|Any CPU.ActiveCfg = Release|iPhone
		{A6078220-3B2E-42C1-AAA9-FEE4206B893E}.Release|iPhone.ActiveCfg = Release|iPhone
		{A6078220-3B2E-42C1-AAA9-FEE4206B893E}.Release|iPhone.Build.0 = Release|iPhone
		{A6078220-3B2E-42C1-AAA9-FEE4206B893E}.Release|iPhoneSimulator.ActiveCfg = Release|iPhoneSimulator
		{A6078220-3B2E-42C1-AAA9-FEE4206B893E}.Release|iPhoneSimulator.Build.0 = Release|iPhoneSimulator
	EndGlobalSection
	GlobalSection(SolutionProperties) = preSolution
		HideSolutionNode = FALSE
	EndGlobalSection
	GlobalSection(ExtensibilityGlobals) = postSolution
		SolutionGuid = {FB418E9F-D3D8-46F3-BC92-2CE9EB9F95C6}
	EndGlobalSection
EndGlobal
